
Microsoft Visual Studio Solution File, Format Version 12.00
# Visual Studio Version 16
VisualStudioVersion = 16.0.30804.86
MinimumVisualStudioVersion = 10.0.40219.1
Project("{FAE04EC0-301F-11D3-BF4B-00C04F79EFBC}") = "Калькулятор Бинарный", "Калькулятор Бинарный\Калькулятор Бинарный.csproj", "{0286C636-5EF3-45B7-A81B-33406E760CEE}"
EndProject
Global
	GlobalSection(SolutionConfigurationPlatforms) = preSolution
		Debug|Any CPU = Debug|Any CPU
		Release|Any CPU = Release|Any CPU
	EndGlobalSection
	GlobalSection(ProjectConfigurationPlatforms) = postSolution
		{0286C636-5EF3-45B7-A81B-33406E760CEE}.Debug|Any CPU.ActiveCfg = Debug|Any CPU
		{0286C636-5EF3-45B7-A81B-33406E760CEE}.Debug|Any CPU.Build.0 = Debug|Any CPU
		{0286C636-5EF3-45B7-A81B-33406E760CEE}.Release|Any CPU.ActiveCfg = Release|Any CPU
		{0286C636-5EF3-45B7-A81B-33406E760CEE}.Release|Any CPU.Build.0 = Release|Any CPU
	EndGlobalSection
	GlobalSection(SolutionProperties) = preSolution
		HideSolutionNode = FALSE
	EndGlobalSection
	GlobalSection(ExtensibilityGlobals) = postSolution
		SolutionGuid = {3DA17D4E-EE2E-43C8-B85A-43F8E947A94E}
	EndGlobalSection
EndGlobal
